
Microsoft Visual Studio Solution File, Format Version 11.00
# Visual Studio 2010
Project("{FAE04EC0-301F-11D3-BF4B-00C04F79EFBC}") = "Purge-Royale", "Assembly-CSharp.csproj", "{2A94587D-6A46-1FDE-D6D0-1F5F1B72B286}"
EndProject
Project("{FAE04EC0-301F-11D3-BF4B-00C04F79EFBC}") = "Purge-Royale", "Assembly-CSharp-Editor-firstpass.csproj", "{863DF166-6D85-401A-F932-05DE170C51DA}"
EndProject
Project("{FAE04EC0-301F-11D3-BF4B-00C04F79EFBC}") = "Purge-Royale", "Assembly-CSharp-firstpass.csproj", "{F8009FA2-D8F9-56E2-40A1-44D720F169BA}"
EndProject
Project("{FAE04EC0-301F-11D3-BF4B-00C04F79EFBC}") = "Purge-Royale", "Assembly-CSharp-Editor.csproj", "{9AAA25FA-0680-C7DA-87F5-86D19291A9A9}"
EndProject
Global
	GlobalSection(SolutionConfigurationPlatforms) = preSolution
		Debug|Any CPU = Debug|Any CPU
		Release|Any CPU = Release|Any CPU
	EndGlobalSection
	GlobalSection(ProjectConfigurationPlatforms) = postSolution
		{2A94587D-6A46-1FDE-D6D0-1F5F1B72B286}.Debug|Any CPU.ActiveCfg = Debug|Any CPU
		{2A94587D-6A46-1FDE-D6D0-1F5F1B72B286}.Debug|Any CPU.Build.0 = Debug|Any CPU
		{2A94587D-6A46-1FDE-D6D0-1F5F1B72B286}.Release|Any CPU.ActiveCfg = Release|Any CPU
		{2A94587D-6A46-1FDE-D6D0-1F5F1B72B286}.Release|Any CPU.Build.0 = Release|Any CPU
		{863DF166-6D85-401A-F932-05DE170C51DA}.Debug|Any CPU.ActiveCfg = Debug|Any CPU
		{863DF166-6D85-401A-F932-05DE170C51DA}.Debug|Any CPU.Build.0 = Debug|Any CPU
		{863DF166-6D85-401A-F932-05DE170C51DA}.Release|Any CPU.ActiveCfg = Release|Any CPU
		{863DF166-6D85-401A-F932-05DE170C51DA}.Release|Any CPU.Build.0 = Release|Any CPU
		{F8009FA2-D8F9-56E2-40A1-44D720F169BA}.Debug|Any CPU.ActiveCfg = Debug|Any CPU
		{F8009FA2-D8F9-56E2-40A1-44D720F169BA}.Debug|Any CPU.Build.0 = Debug|Any CPU
		{F8009FA2-D8F9-56E2-40A1-44D720F169BA}.Release|Any CPU.ActiveCfg = Release|Any CPU
		{F8009FA2-D8F9-56E2-40A1-44D720F169BA}.Release|Any CPU.Build.0 = Release|Any CPU
		{9AAA25FA-0680-C7DA-87F5-86D19291A9A9}.Debug|Any CPU.ActiveCfg = Debug|Any CPU
		{9AAA25FA-0680-C7DA-87F5-86D19291A9A9}.Debug|Any CPU.Build.0 = Debug|Any CPU
		{9AAA25FA-0680-C7DA-87F5-86D19291A9A9}.Release|Any CPU.ActiveCfg = Release|Any CPU
		{9AAA25FA-0680-C7DA-87F5-86D19291A9A9}.Release|Any CPU.Build.0 = Release|Any CPU
	EndGlobalSection
	GlobalSection(SolutionProperties) = preSolution
		HideSolutionNode = FALSE
	EndGlobalSection
	GlobalSection(MonoDevelopProperties) = preSolution
		StartupItem = Assembly-CSharp.csproj
	EndGlobalSection
EndGlobal
